// !$*UTF8*$!
{
	archiveVersion = 1;
	classes = {
	};
	objectVersion = 46;
	objects = {

/* Begin PBXBuildFile section */
		E8141AE7171A2A4B00A09DB2 /* icon.png in Resources */ = {isa = PBXBuildFile; fileRef = E8141AE6171A2A4B00A09DB2 /* icon.png */; };
		E8141AE9171A2A5800A09DB2 /* icon.png in Resources */ = {isa = PBXBuildFile; fileRef = E8141AE8171A2A5800A09DB2 /* icon.png */; };
		E81C65341718B8AB00F9DC3A /* UIKit.framework in Frameworks */ = {isa = PBXBuildFile; fileRef = E81C65331718B8AB00F9DC3A /* UIKit.framework */; };
		E81C65361718B8AB00F9DC3A /* Foundation.framework in Frameworks */ = {isa = PBXBuildFile; fileRef = E81C65351718B8AB00F9DC3A /* Foundation.framework */; };
		E81C65381718B8AB00F9DC3A /* CoreGraphics.framework in Frameworks */ = {isa = PBXBuildFile; fileRef = E81C65371718B8AB00F9DC3A /* CoreGraphics.framework */; };
		E81C653E1718B8AB00F9DC3A /* InfoPlist.strings in Resources */ = {isa = PBXBuildFile; fileRef = E81C653C1718B8AB00F9DC3A /* InfoPlist.strings */; };
		E81C65401718B8AB00F9DC3A /* main.m in Sources */ = {isa = PBXBuildFile; fileRef = E81C653F1718B8AB00F9DC3A /* main.m */; };
		E81C65441718B8AB00F9DC3A /* AppDelegate.m in Sources */ = {isa = PBXBuildFile; fileRef = E81C65431718B8AB00F9DC3A /* AppDelegate.m */; };
		E81C65461718B8AB00F9DC3A /* Default.png in Resources */ = {isa = PBXBuildFile; fileRef = E81C65451718B8AB00F9DC3A /* Default.png */; };
		E81C65481718B8AB00F9DC3A /* Default@2x.png in Resources */ = {isa = PBXBuildFile; fileRef = E81C65471718B8AB00F9DC3A /* Default@2x.png */; };
		E81C654A1718B8AB00F9DC3A /* Default-568h@2x.png in Resources */ = {isa = PBXBuildFile; fileRef = E81C65491718B8AB00F9DC3A /* Default-568h@2x.png */; };
		E81C654D1718B8AB00F9DC3A /* ViewController.m in Sources */ = {isa = PBXBuildFile; fileRef = E81C654C1718B8AB00F9DC3A /* ViewController.m */; };
		E81C65501718B8AB00F9DC3A /* ViewController.xib in Resources */ = {isa = PBXBuildFile; fileRef = E81C654E1718B8AB00F9DC3A /* ViewController.xib */; };
		E81C65581718B8AB00F9DC3A /* SenTestingKit.framework in Frameworks */ = {isa = PBXBuildFile; fileRef = E81C65571718B8AB00F9DC3A /* SenTestingKit.framework */; };
		E81C65591718B8AB00F9DC3A /* UIKit.framework in Frameworks */ = {isa = PBXBuildFile; fileRef = E81C65331718B8AB00F9DC3A /* UIKit.framework */; };
		E81C655A1718B8AB00F9DC3A /* Foundation.framework in Frameworks */ = {isa = PBXBuildFile; fileRef = E81C65351718B8AB00F9DC3A /* Foundation.framework */; };
		E81C65621718B8AB00F9DC3A /* InfoPlist.strings in Resources */ = {isa = PBXBuildFile; fileRef = E81C65601718B8AB00F9DC3A /* InfoPlist.strings */; };
		E81C65651718B8AB00F9DC3A /* MSClassAppTests.m in Sources */ = {isa = PBXBuildFile; fileRef = E81C65641718B8AB00F9DC3A /* MSClassAppTests.m */; };
/* End PBXBuildFile section */

/* Begin PBXContainerItemProxy section */
		E81C655B1718B8AB00F9DC3A /* PBXContainerItemProxy */ = {
			isa = PBXContainerItemProxy;
			containerPortal = E81C65281718B8AB00F9DC3A /* Project object */;
			proxyType = 1;
			remoteGlobalIDString = E81C652F1718B8AB00F9DC3A;
			remoteInfo = MSClassApp;
		};
/* End PBXContainerItemProxy section */

/* Begin PBXFileReference section */
		E8141AE6171A2A4B00A09DB2 /* icon.png */ = {isa = PBXFileReference; lastKnownFileType = image.png; path = icon.png; sourceTree = "<group>"; };
		E8141AE8171A2A5800A09DB2 /* icon.png */ = {isa = PBXFileReference; lastKnownFileType = image.png; path = icon.png; sourceTree = "<group>"; };
		E81C65301718B8AB00F9DC3A /* Conversations.app */ = {isa = PBXFileReference; explicitFileType = wrapper.application; includeInIndex = 0; path = Conversations.app; sourceTree = BUILT_PRODUCTS_DIR; };
		E81C65331718B8AB00F9DC3A /* UIKit.framework */ = {isa = PBXFileReference; lastKnownFileType = wrapper.framework; name = UIKit.framework; path = System/Library/Frameworks/UIKit.framework; sourceTree = SDKROOT; };
		E81C65351718B8AB00F9DC3A /* Foundation.framework */ = {isa = PBXFileReference; lastKnownFileType = wrapper.framework; name = Foundation.framework; path = System/Library/Frameworks/Foundation.framework; sourceTree = SDKROOT; };
		E81C65371718B8AB00F9DC3A /* CoreGraphics.framework */ = {isa = PBXFileReference; lastKnownFileType = wrapper.framework; name = CoreGraphics.framework; path = System/Library/Frameworks/CoreGraphics.framework; sourceTree = SDKROOT; };
		E81C653B1718B8AB00F9DC3A /* MSClassApp-Info.plist */ = {isa = PBXFileReference; lastKnownFileType = text.plist.xml; path = "MSClassApp-Info.plist"; sourceTree = "<group>"; };
		E81C653D1718B8AB00F9DC3A /* en */ = {isa = PBXFileReference; lastKnownFileType = text.plist.strings; name = en; path = en.lproj/InfoPlist.strings; sourceTree = "<group>"; };
		E81C653F1718B8AB00F9DC3A /* main.m */ = {isa = PBXFileReference; lastKnownFileType = sourcecode.c.objc; path = main.m; sourceTree = "<group>"; };
		E81C65411718B8AB00F9DC3A /* MSClassApp-Prefix.pch */ = {isa = PBXFileReference; lastKnownFileType = sourcecode.c.h; path = "MSClassApp-Prefix.pch"; sourceTree = "<group>"; };
		E81C65421718B8AB00F9DC3A /* AppDelegate.h */ = {isa = PBXFileReference; lastKnownFileType = sourcecode.c.h; path = AppDelegate.h; sourceTree = "<group>"; };
		E81C65431718B8AB00F9DC3A /* AppDelegate.m */ = {isa = PBXFileReference; lastKnownFileType = sourcecode.c.objc; path = AppDelegate.m; sourceTree = "<group>"; };
		E81C65451718B8AB00F9DC3A /* Default.png */ = {isa = PBXFileReference; lastKnownFileType = image.png; path = Default.png; sourceTree = "<group>"; };
		E81C65471718B8AB00F9DC3A /* Default@2x.png */ = {isa = PBXFileReference; lastKnownFileType = image.png; path = "Default@2x.png"; sourceTree = "<group>"; };
		E81C65491718B8AB00F9DC3A /* Default-568h@2x.png */ = {isa = PBXFileReference; lastKnownFileType = image.png; path = "Default-568h@2x.png"; sourceTree = "<group>"; };
		E81C654B1718B8AB00F9DC3A /* ViewController.h */ = {isa = PBXFileReference; lastKnownFileType = sourcecode.c.h; path = ViewController.h; sourceTree = "<group>"; };
		E81C654C1718B8AB00F9DC3A /* ViewController.m */ = {isa = PBXFileReference; lastKnownFileType = sourcecode.c.objc; path = ViewController.m; sourceTree = "<group>"; };
		E81C654F1718B8AB00F9DC3A /* en */ = {isa = PBXFileReference; lastKnownFileType = file.xib; name = en; path = en.lproj/ViewController.xib; sourceTree = "<group>"; };
		E81C65561718B8AB00F9DC3A /* MSClassAppTests.octest */ = {isa = PBXFileReference; explicitFileType = wrapper.cfbundle; includeInIndex = 0; path = MSClassAppTests.octest; sourceTree = BUILT_PRODUCTS_DIR; };
		E81C65571718B8AB00F9DC3A /* SenTestingKit.framework */ = {isa = PBXFileReference; lastKnownFileType = wrapper.framework; name = SenTestingKit.framework; path = Library/Frameworks/SenTestingKit.framework; sourceTree = DEVELOPER_DIR; };
		E81C655F1718B8AB00F9DC3A /* MSClassAppTests-Info.plist */ = {isa = PBXFileReference; lastKnownFileType = text.plist.xml; path = "MSClassAppTests-Info.plist"; sourceTree = "<group>"; };
		E81C65611718B8AB00F9DC3A /* en */ = {isa = PBXFileReference; lastKnownFileType = text.plist.strings; name = en; path = en.lproj/InfoPlist.strings; sourceTree = "<group>"; };
		E81C65631718B8AB00F9DC3A /* MSClassAppTests.h */ = {isa = PBXFileReference; lastKnownFileType = sourcecode.c.h; path = MSClassAppTests.h; sourceTree = "<group>"; };
		E81C65641718B8AB00F9DC3A /* MSClassAppTests.m */ = {isa = PBXFileReference; lastKnownFileType = sourcecode.c.objc; path = MSClassAppTests.m; sourceTree = "<group>"; };
/* End PBXFileReference section */

/* Begin PBXFrameworksBuildPhase section */
		E81C652D1718B8AB00F9DC3A /* Frameworks */ = {
			isa = PBXFrameworksBuildPhase;
			buildActionMask = 2147483647;
			files = (
				E81C65341718B8AB00F9DC3A /* UIKit.framework in Frameworks */,
				E81C65361718B8AB00F9DC3A /* Foundation.framework in Frameworks */,
				E81C65381718B8AB00F9DC3A /* CoreGraphics.framework in Frameworks */,
			);
			runOnlyForDeploymentPostprocessing = 0;
		};
		E81C65521718B8AB00F9DC3A /* Frameworks */ = {
			isa = PBXFrameworksBuildPhase;
			buildActionMask = 2147483647;
			files = (
				E81C65581718B8AB00F9DC3A /* SenTestingKit.framework in Frameworks */,
				E81C65591718B8AB00F9DC3A /* UIKit.framework in Frameworks */,
				E81C655A1718B8AB00F9DC3A /* Foundation.framework in Frameworks */,
			);
			runOnlyForDeploymentPostprocessing = 0;
		};
/* End PBXFrameworksBuildPhase section */

/* Begin PBXGroup section */
		E81C65271718B8AB00F9DC3A = {
			isa = PBXGroup;
			children = (
				E8141AE8171A2A5800A09DB2 /* icon.png */,
				E81C65391718B8AB00F9DC3A /* MSClassApp */,
				E81C655D1718B8AB00F9DC3A /* MSClassAppTests */,
				E81C65321718B8AB00F9DC3A /* Frameworks */,
				E81C65311718B8AB00F9DC3A /* Products */,
			);
			sourceTree = "<group>";
		};
		E81C65311718B8AB00F9DC3A /* Products */ = {
			isa = PBXGroup;
			children = (
				E81C65301718B8AB00F9DC3A /* Conversations.app */,
				E81C65561718B8AB00F9DC3A /* MSClassAppTests.octest */,
			);
			name = Products;
			sourceTree = "<group>";
		};
		E81C65321718B8AB00F9DC3A /* Frameworks */ = {
			isa = PBXGroup;
			children = (
				E81C65331718B8AB00F9DC3A /* UIKit.framework */,
				E81C65351718B8AB00F9DC3A /* Foundation.framework */,
				E81C65371718B8AB00F9DC3A /* CoreGraphics.framework */,
				E81C65571718B8AB00F9DC3A /* SenTestingKit.framework */,
			);
			name = Frameworks;
			sourceTree = "<group>";
		};
		E81C65391718B8AB00F9DC3A /* MSClassApp */ = {
			isa = PBXGroup;
			children = (
				E81C65421718B8AB00F9DC3A /* AppDelegate.h */,
				E81C65431718B8AB00F9DC3A /* AppDelegate.m */,
				E81C654B1718B8AB00F9DC3A /* ViewController.h */,
				E81C654C1718B8AB00F9DC3A /* ViewController.m */,
				E81C654E1718B8AB00F9DC3A /* ViewController.xib */,
				E81C653A1718B8AB00F9DC3A /* Supporting Files */,
			);
			path = MSClassApp;
			sourceTree = "<group>";
		};
		E81C653A1718B8AB00F9DC3A /* Supporting Files */ = {
			isa = PBXGroup;
			children = (
				E81C653B1718B8AB00F9DC3A /* MSClassApp-Info.plist */,
				E81C653C1718B8AB00F9DC3A /* InfoPlist.strings */,
				E81C653F1718B8AB00F9DC3A /* main.m */,
				E81C65411718B8AB00F9DC3A /* MSClassApp-Prefix.pch */,
				E8141AE6171A2A4B00A09DB2 /* icon.png */,
				E81C65451718B8AB00F9DC3A /* Default.png */,
				E81C65471718B8AB00F9DC3A /* Default@2x.png */,
				E81C65491718B8AB00F9DC3A /* Default-568h@2x.png */,
			);
			name = "Supporting Files";
			sourceTree = "<group>";
		};
		E81C655D1718B8AB00F9DC3A /* MSClassAppTests */ = {
			isa = PBXGroup;
			children = (
				E81C65631718B8AB00F9DC3A /* MSClassAppTests.h */,
				E81C65641718B8AB00F9DC3A /* MSClassAppTests.m */,
				E81C655E1718B8AB00F9DC3A /* Supporting Files */,
			);
			path = MSClassAppTests;
			sourceTree = "<group>";
		};
		E81C655E1718B8AB00F9DC3A /* Supporting Files */ = {
			isa = PBXGroup;
			children = (
				E81C655F1718B8AB00F9DC3A /* MSClassAppTests-Info.plist */,
				E81C65601718B8AB00F9DC3A /* InfoPlist.strings */,
			);
			name = "Supporting Files";
			sourceTree = "<group>";
		};
/* End PBXGroup section */

/* Begin PBXNativeTarget section */
		E81C652F1718B8AB00F9DC3A /* MSClassApp */ = {
			isa = PBXNativeTarget;
			buildConfigurationList = E81C65681718B8AB00F9DC3A /* Build configuration list for PBXNativeTarget "MSClassApp" */;
			buildPhases = (
				E81C652C1718B8AB00F9DC3A /* Sources */,
				E81C652D1718B8AB00F9DC3A /* Frameworks */,
				E81C652E1718B8AB00F9DC3A /* Resources */,
			);
			buildRules = (
			);
			dependencies = (
			);
			name = MSClassApp;
			productName = MSClassApp;
			productReference = E81C65301718B8AB00F9DC3A /* Conversations.app */;
			productType = "com.apple.product-type.application";
		};
		E81C65551718B8AB00F9DC3A /* MSClassAppTests */ = {
			isa = PBXNativeTarget;
			buildConfigurationList = E81C656B1718B8AB00F9DC3A /* Build configuration list for PBXNativeTarget "MSClassAppTests" */;
			buildPhases = (
				E81C65511718B8AB00F9DC3A /* Sources */,
				E81C65521718B8AB00F9DC3A /* Frameworks */,
				E81C65531718B8AB00F9DC3A /* Resources */,
				E81C65541718B8AB00F9DC3A /* ShellScript */,
			);
			buildRules = (
			);
			dependencies = (
				E81C655C1718B8AB00F9DC3A /* PBXTargetDependency */,
			);
			name = MSClassAppTests;
			productName = MSClassAppTests;
			productReference = E81C65561718B8AB00F9DC3A /* MSClassAppTests.octest */;
			productType = "com.apple.product-type.bundle";
		};
/* End PBXNativeTarget section */

/* Begin PBXProject section */
		E81C65281718B8AB00F9DC3A /* Project object */ = {
			isa = PBXProject;
			attributes = {
				LastUpgradeCheck = 0460;
				ORGANIZATIONNAME = BACC;
			};
			buildConfigurationList = E81C652B1718B8AB00F9DC3A /* Build configuration list for PBXProject "MSClassApp" */;
			compatibilityVersion = "Xcode 3.2";
			developmentRegion = English;
			hasScannedForEncodings = 0;
			knownRegions = (
				en,
			);
			mainGroup = E81C65271718B8AB00F9DC3A;
			productRefGroup = E81C65311718B8AB00F9DC3A /* Products */;
			projectDirPath = "";
			projectRoot = "";
			targets = (
				E81C652F1718B8AB00F9DC3A /* MSClassApp */,
				E81C65551718B8AB00F9DC3A /* MSClassAppTests */,
			);
		};
/* End PBXProject section */

/* Begin PBXResourcesBuildPhase section */
		E81C652E1718B8AB00F9DC3A /* Resources */ = {
			isa = PBXResourcesBuildPhase;
			buildActionMask = 2147483647;
			files = (
				E81C653E1718B8AB00F9DC3A /* InfoPlist.strings in Resources */,
				E81C65461718B8AB00F9DC3A /* Default.png in Resources */,
				E81C65481718B8AB00F9DC3A /* Default@2x.png in Resources */,
				E81C654A1718B8AB00F9DC3A /* Default-568h@2x.png in Resources */,
				E81C65501718B8AB00F9DC3A /* ViewController.xib in Resources */,
				E8141AE7171A2A4B00A09DB2 /* icon.png in Resources */,
				E8141AE9171A2A5800A09DB2 /* icon.png in Resources */,
			);
			runOnlyForDeploymentPostprocessing = 0;
		};
		E81C65531718B8AB00F9DC3A /* Resources */ = {
			isa = PBXResourcesBuildPhase;
			buildActionMask = 2147483647;
			files = (
				E81C65621718B8AB00F9DC3A /* InfoPlist.strings in Resources */,
			);
			runOnlyForDeploymentPostprocessing = 0;
		};
/* End PBXResourcesBuildPhase section */

/* Begin PBXShellScriptBuildPhase section */
		E81C65541718B8AB00F9DC3A /* ShellScript */ = {
			isa = PBXShellScriptBuildPhase;
			buildActionMask = 2147483647;
			files = (
			);
			inputPaths = (
			);
			outputPaths = (
			);
			runOnlyForDeploymentPostprocessing = 0;
			shellPath = /bin/sh;
			shellScript = "# Run the unit tests in this test bundle.\n\"${SYSTEM_DEVELOPER_DIR}/Tools/RunUnitTests\"\n";
		};
/* End PBXShellScriptBuildPhase section */

/* Begin PBXSourcesBuildPhase section */
		E81C652C1718B8AB00F9DC3A /* Sources */ = {
			isa = PBXSourcesBuildPhase;
			buildActionMask = 2147483647;
			files = (
				E81C65401718B8AB00F9DC3A /* main.m in Sources */,
				E81C65441718B8AB00F9DC3A /* AppDelegate.m in Sources */,
				E81C654D1718B8AB00F9DC3A /* ViewController.m in Sources */,
			);
			runOnlyForDeploymentPostprocessing = 0;
		};
		E81C65511718B8AB00F9DC3A /* Sources */ = {
			isa = PBXSourcesBuildPhase;
			buildActionMask = 2147483647;
			files = (
				E81C65651718B8AB00F9DC3A /* MSClassAppTests.m in Sources */,
			);
			runOnlyForDeploymentPostprocessing = 0;
		};
/* End PBXSourcesBuildPhase section */

/* Begin PBXTargetDependency section */
		E81C655C1718B8AB00F9DC3A /* PBXTargetDependency */ = {
			isa = PBXTargetDependency;
			target = E81C652F1718B8AB00F9DC3A /* MSClassApp */;
			targetProxy = E81C655B1718B8AB00F9DC3A /* PBXContainerItemProxy */;
		};
/* End PBXTargetDependency section */

/* Begin PBXVariantGroup section */
		E81C653C1718B8AB00F9DC3A /* InfoPlist.strings */ = {
			isa = PBXVariantGroup;
			children = (
				E81C653D1718B8AB00F9DC3A /* en */,
			);
			name = InfoPlist.strings;
			sourceTree = "<group>";
		};
		E81C654E1718B8AB00F9DC3A /* ViewController.xib */ = {
			isa = PBXVariantGroup;
			children = (
				E81C654F1718B8AB00F9DC3A /* en */,
			);
			name = ViewController.xib;
			sourceTree = "<group>";
		};
		E81C65601718B8AB00F9DC3A /* InfoPlist.strings */ = {
			isa = PBXVariantGroup;
			children = (
				E81C65611718B8AB00F9DC3A /* en */,
			);
			name = InfoPlist.strings;
			sourceTree = "<group>";
		};
/* End PBXVariantGroup section */

/* Begin XCBuildConfiguration section */
		E81C65661718B8AB00F9DC3A /* Debug */ = {
			isa = XCBuildConfiguration;
			buildSettings = {
				ALWAYS_SEARCH_USER_PATHS = NO;
				CLANG_CXX_LANGUAGE_STANDARD = "gnu++0x";
				CLANG_CXX_LIBRARY = "libc++";
				CLANG_ENABLE_OBJC_ARC = YES;
				CLANG_WARN_CONSTANT_CONVERSION = YES;
				CLANG_WARN_EMPTY_BODY = YES;
				CLANG_WARN_ENUM_CONVERSION = YES;
				CLANG_WARN_INT_CONVERSION = YES;
				CLANG_WARN__DUPLICATE_METHOD_MATCH = YES;
				"CODE_SIGN_IDENTITY[sdk=iphoneos*]" = "iPhone Developer";
				COPY_PHASE_STRIP = NO;
				GCC_C_LANGUAGE_STANDARD = gnu99;
				GCC_DYNAMIC_NO_PIC = NO;
				GCC_OPTIMIZATION_LEVEL = 0;
				GCC_PREPROCESSOR_DEFINITIONS = (
					"DEBUG=1",
					"$(inherited)",
				);
				GCC_SYMBOLS_PRIVATE_EXTERN = NO;
				GCC_WARN_ABOUT_RETURN_TYPE = YES;
				GCC_WARN_UNINITIALIZED_AUTOS = YES;
				GCC_WARN_UNUSED_VARIABLE = YES;
				IPHONEOS_DEPLOYMENT_TARGET = 6.1;
				ONLY_ACTIVE_ARCH = YES;
				SDKROOT = iphoneos;
			};
			name = Debug;
		};
		E81C65671718B8AB00F9DC3A /* Release */ = {
			isa = XCBuildConfiguration;
			buildSettings = {
				ALWAYS_SEARCH_USER_PATHS = NO;
				CLANG_CXX_LANGUAGE_STANDARD = "gnu++0x";
				CLANG_CXX_LIBRARY = "libc++";
				CLANG_ENABLE_OBJC_ARC = YES;
				CLANG_WARN_CONSTANT_CONVERSION = YES;
				CLANG_WARN_EMPTY_BODY = YES;
				CLANG_WARN_ENUM_CONVERSION = YES;
				CLANG_WARN_INT_CONVERSION = YES;
				CLANG_WARN__DUPLICATE_METHOD_MATCH = YES;
				"CODE_SIGN_IDENTITY[sdk=iphoneos*]" = "iPhone Developer";
				COPY_PHASE_STRIP = YES;
				GCC_C_LANGUAGE_STANDARD = gnu99;
				GCC_WARN_ABOUT_RETURN_TYPE = YES;
				GCC_WARN_UNINITIALIZED_AUTOS = YES;
				GCC_WARN_UNUSED_VARIABLE = YES;
				IPHONEOS_DEPLOYMENT_TARGET = 6.1;
				OTHER_CFLAGS = "-DNS_BLOCK_ASSERTIONS=1";
				SDKROOT = iphoneos;
				VALIDATE_PRODUCT = YES;
			};
			name = Release;
		};
		E81C65691718B8AB00F9DC3A /* Debug */ = {
			isa = XCBuildConfiguration;
			buildSettings = {
				GCC_PRECOMPILE_PREFIX_HEADER = YES;
				GCC_PREFIX_HEADER = "MSClassApp/MSClassApp-Prefix.pch";
				INFOPLIST_FILE = "MSClassApp/MSClassApp-Info.plist";
				IPHONEOS_DEPLOYMENT_TARGET = 5.0;
				PRODUCT_NAME = Conversations;
				WRAPPER_EXTENSION = app;
			};
			name = Debug;
		};
		E81C656A1718B8AB00F9DC3A /* Release */ = {
			isa = XCBuildConfiguration;
			buildSettings = {
				GCC_PRECOMPILE_PREFIX_HEADER = YES;
				GCC_PREFIX_HEADER = "MSClassApp/MSClassApp-Prefix.pch";
				INFOPLIST_FILE = "MSClassApp/MSClassApp-Info.plist";
				IPHONEOS_DEPLOYMENT_TARGET = 5.0;
				PRODUCT_NAME = Conversations;
				WRAPPER_EXTENSION = app;
			};
			name = Release;
		};
		E81C656C1718B8AB00F9DC3A /* Debug */ = {
			isa = XCBuildConfiguration;
			buildSettings = {
				BUNDLE_LOADER = "$(BUILT_PRODUCTS_DIR)/MSClassApp.app/MSClassApp";
				FRAMEWORK_SEARCH_PATHS = (
					"\"$(SDKROOT)/Developer/Library/Frameworks\"",
					"\"$(DEVELOPER_LIBRARY_DIR)/Frameworks\"",
				);
				GCC_PRECOMPILE_PREFIX_HEADER = YES;
				GCC_PREFIX_HEADER = "MSClassApp/MSClassApp-Prefix.pch";
				INFOPLIST_FILE = "MSClassAppTests/MSClassAppTests-Info.plist";
				PRODUCT_NAME = "$(TARGET_NAME)";
				TEST_HOST = "$(BUNDLE_LOADER)";
				WRAPPER_EXTENSION = octest;
			};
			name = Debug;
		};
		E81C656D1718B8AB00F9DC3A /* Release */ = {
			isa = XCBuildConfiguration;
			buildSettings = {
				BUNDLE_LOADER = "$(BUILT_PRODUCTS_DIR)/MSClassApp.app/MSClassApp";
				FRAMEWORK_SEARCH_PATHS = (
					"\"$(SDKROOT)/Developer/Library/Frameworks\"",
					"\"$(DEVELOPER_LIBRARY_DIR)/Frameworks\"",
				);
				GCC_PRECOMPILE_PREFIX_HEADER = YES;
				GCC_PREFIX_HEADER = "MSClassApp/MSClassApp-Prefix.pch";
				INFOPLIST_FILE = "MSClassAppTests/MSClassAppTests-Info.plist";
				PRODUCT_NAME = "$(TARGET_NAME)";
				TEST_HOST = "$(BUNDLE_LOADER)";
				WRAPPER_EXTENSION = octest;
			};
			name = Release;
		};
/* End XCBuildConfiguration section */

/* Begin XCConfigurationList section */
		E81C652B1718B8AB00F9DC3A /* Build configuration list for PBXProject "MSClassApp" */ = {
			isa = XCConfigurationList;
			buildConfigurations = (
				E81C65661718B8AB00F9DC3A /* Debug */,
				E81C65671718B8AB00F9DC3A /* Release */,
			);
			defaultConfigurationIsVisible = 0;
			defaultConfigurationName = Release;
		};
		E81C65681718B8AB00F9DC3A /* Build configuration list for PBXNativeTarget "MSClassApp" */ = {
			isa = XCConfigurationList;
			buildConfigurations = (
				E81C65691718B8AB00F9DC3A /* Debug */,
				E81C656A1718B8AB00F9DC3A /* Release */,
			);
			defaultConfigurationIsVisible = 0;
			defaultConfigurationName = Release;
		};
		E81C656B1718B8AB00F9DC3A /* Build configuration list for PBXNativeTarget "MSClassAppTests" */ = {
			isa = XCConfigurationList;
			buildConfigurations = (
				E81C656C1718B8AB00F9DC3A /* Debug */,
				E81C656D1718B8AB00F9DC3A /* Release */,
			);
			defaultConfigurationIsVisible = 0;
			defaultConfigurationName = Release;
		};
/* End XCConfigurationList section */
	};
	rootObject = E81C65281718B8AB00F9DC3A /* Project object */;
}
